
Microsoft Visual Studio Solution File, Format Version 12.00
Project("{FAE04EC0-301F-11D3-BF4B-00C04F79EFBC}") = "EQueue", "EQueue\EQueue.csproj", "{CC049614-2FA7-422A-BAB0-666776818434}"
EndProject
Global
	GlobalSection(SolutionConfigurationPlatforms) = preSolution
		Debug|Any CPU = Debug|Any CPU
		Release|Any CPU = Release|Any CPU
	EndGlobalSection
	GlobalSection(ProjectConfigurationPlatforms) = postSolution
		{CC049614-2FA7-422A-BAB0-666776818434}.Debug|Any CPU.ActiveCfg = Debug|Any CPU
		{CC049614-2FA7-422A-BAB0-666776818434}.Debug|Any CPU.Build.0 = Debug|Any CPU
		{CC049614-2FA7-422A-BAB0-666776818434}.Release|Any CPU.ActiveCfg = Release|Any CPU
		{CC049614-2FA7-422A-BAB0-666776818434}.Release|Any CPU.Build.0 = Release|Any CPU
	EndGlobalSection
EndGlobal
